
Microsoft Visual Studio Solution File, Format Version 12.00
# Visual Studio Version 16
VisualStudioVersion = 16.0.31729.503
MinimumVisualStudioVersion = 10.0.40219.1
Project("{9A19103F-16F7-4668-BE54-9A1E7A4F7556}") = "lesson01", "lesson01\lesson01.csproj", "{ECCA967C-16EF-4C1A-B0DE-F237B261664C}"
EndProject
Project("{FAE04EC0-301F-11D3-BF4B-00C04F79EFBC}") = "lesson02", "lesson02\lesson02.csproj", "{6F9F0A2E-8AA4-4977-B656-0513B389AD85}"
EndProject
Global
	GlobalSection(SolutionConfigurationPlatforms) = preSolution
		Debug|Any CPU = Debug|Any CPU
		Release|Any CPU = Release|Any CPU
	EndGlobalSection
	GlobalSection(ProjectConfigurationPlatforms) = postSolution
		{ECCA967C-16EF-4C1A-B0DE-F237B261664C}.Debug|Any CPU.ActiveCfg = Debug|Any CPU
		{ECCA967C-16EF-4C1A-B0DE-F237B261664C}.Debug|Any CPU.Build.0 = Debug|Any CPU
		{ECCA967C-16EF-4C1A-B0DE-F237B261664C}.Release|Any CPU.ActiveCfg = Release|Any CPU
		{ECCA967C-16EF-4C1A-B0DE-F237B261664C}.Release|Any CPU.Build.0 = Release|Any CPU
		{6F9F0A2E-8AA4-4977-B656-0513B389AD85}.Debug|Any CPU.ActiveCfg = Debug|Any CPU
		{6F9F0A2E-8AA4-4977-B656-0513B389AD85}.Debug|Any CPU.Build.0 = Debug|Any CPU
		{6F9F0A2E-8AA4-4977-B656-0513B389AD85}.Release|Any CPU.ActiveCfg = Release|Any CPU
		{6F9F0A2E-8AA4-4977-B656-0513B389AD85}.Release|Any CPU.Build.0 = Release|Any CPU
	EndGlobalSection
	GlobalSection(SolutionProperties) = preSolution
		HideSolutionNode = FALSE
	EndGlobalSection
	GlobalSection(ExtensibilityGlobals) = postSolution
		SolutionGuid = {1AF56316-A513-4C8E-B70E-4D809D0C8D2C}
	EndGlobalSection
EndGlobal
